# THIS IS AN AUTOGENERATED FILE. DO NOT EDIT THIS FILE DIRECTLY.
# yarn lockfile v1


"@vant/weapp@^1.0.5":
  version "1.0.5"
  resolved "https://registry.yarnpkg.com/@vant/weapp/-/weapp-1.0.5.tgz#36f2f9ea46f9c1f8def6e776d1ce66f525150b16"
  integrity sha512-YRgrkAKKVPW6AOGUaiYxjNfl4JS/2LLFCf75QSaSj6Q81c9BknQyOwbQ/h2IuinnM558YZwGYhJ7gT1PLJ7wjg==
